
Microsoft Visual Studio Solution File, Format Version 12.00
# Visual Studio Version 17
VisualStudioVersion = 17.3.32505.426
MinimumVisualStudioVersion = 10.0.40219.1
Project("{9A19103F-16F7-4668-BE54-9A1E7A4F7556}") = "ItemsApi", "ItemsApi\ItemsApi.csproj", "{C1F7DCB6-3E73-480E-A425-A1AC7B99CCE7}"
EndProject
Global
	GlobalSection(SolutionConfigurationPlatforms) = preSolution
		Debug|Any CPU = Debug|Any CPU
		Release|Any CPU = Release|Any CPU
	EndGlobalSection
	GlobalSection(ProjectConfigurationPlatforms) = postSolution
		{C1F7DCB6-3E73-480E-A425-A1AC7B99CCE7}.Debug|Any CPU.ActiveCfg = Debug|Any CPU
		{C1F7DCB6-3E73-480E-A425-A1AC7B99CCE7}.Debug|Any CPU.Build.0 = Debug|Any CPU
		{C1F7DCB6-3E73-480E-A425-A1AC7B99CCE7}.Release|Any CPU.ActiveCfg = Release|Any CPU
		{C1F7DCB6-3E73-480E-A425-A1AC7B99CCE7}.Release|Any CPU.Build.0 = Release|Any CPU
	EndGlobalSection
	GlobalSection(SolutionProperties) = preSolution
		HideSolutionNode = FALSE
	EndGlobalSection
	GlobalSection(ExtensibilityGlobals) = postSolution
		SolutionGuid = {8DD8F3D8-5AD0-499E-AA57-A9FB60314866}
	EndGlobalSection
EndGlobal
